dependencies:
- name: servicebus
  repository: https://hmcts.azurecr.io/helm/v1/repo
  version: 0.0.1
- name: java
  repository: https://hmcts.azurecr.io/helm/v1/repo
  version: 0.0.9
digest: sha256:8da2912cb84003202d2c03b8b1d8543dda5e8b240fa1d0ec3df213369e6fcecb
generated: 2018-12-13T14:16:41.474286Z
